{
  "name": "tomica-collection",
  "version": "1.0.0",
  "lockfileVersion": 1,
  "requires": true,
  "dependencies": {
    "modern-web-guidance": {
      "version": "0.0.170",
      "resolved": "https://registry.npmjs.org/modern-web-guidance/-/modern-web-guidance-0.0.170.tgz",
      "integrity": "sha512-qJIDJ6omtwC2YiZEyEhlIB6cGgTSpqtEHEBlAcv9E0XVuIdo+TGJEXKT9iKCOa0T5G1NbDUs7SjNjV8z6XkpjQ==",
      "dev": true
    }
  }
}
